
Microsoft Visual Studio Solution File, Format Version 12.00
# Visual Studio Version 17
VisualStudioVersion = 17.11.35312.102
MinimumVisualStudioVersion = 10.0.40219.1
Project("{9A19103F-16F7-4668-BE54-9A1E7A4F7556}") = "PilaArray", "Pilas y colas\PilaArray.csproj", "{5ABBE54D-CEAB-465E-B095-C62F329F59B4}"
EndProject
Project("{9A19103F-16F7-4668-BE54-9A1E7A4F7556}") = "pilaListaEnlazada", "pilaListaEnlazada\pilaListaEnlazada.csproj", "{DF03200B-D6C1-444E-8BDA-9524F828580D}"
EndProject
Project("{FAE04EC0-301F-11D3-BF4B-00C04F79EFBC}") = "TestListaPila", "TestListaPila\TestListaPila.csproj", "{1EF2CC08-EF08-4F35-AB54-966152465010}"
EndProject
Project("{FAE04EC0-301F-11D3-BF4B-00C04F79EFBC}") = "TestArrayPila", "TestArrayPila\TestArrayPila.csproj", "{DD601AA5-45DA-4952-92F2-9B407658CDE2}"
EndProject
Project("{2150E333-8FDC-42A3-9474-1A3956D46DE8}") = "Pilas", "Pilas", "{2E051469-CF3F-4ED7-9E0C-91A4902DEACB}"
EndProject
Project("{2150E333-8FDC-42A3-9474-1A3956D46DE8}") = "Colas", "Colas", "{DD20F402-D80D-499B-80F7-76928FE72CF0}"
EndProject
Project("{FAE04EC0-301F-11D3-BF4B-00C04F79EFBC}") = "ArrayCola", "ArrayCola\ArrayCola.csproj", "{0DD6C5AB-29A9-4C02-A71C-64BFFB755880}"
EndProject
Project("{FAE04EC0-301F-11D3-BF4B-00C04F79EFBC}") = "ListaEnlazadaCola", "ListaEnlazadaCola\ListaEnlazadaCola.csproj", "{4B330796-3EF6-4084-AFE3-A37DCA3DD1B0}"
EndProject
Project("{FAE04EC0-301F-11D3-BF4B-00C04F79EFBC}") = "TestArrayCola", "TestArrayCola\TestArrayCola.csproj", "{704C333B-CB70-4557-AD12-F499B1622983}"
EndProject
Project("{FAE04EC0-301F-11D3-BF4B-00C04F79EFBC}") = "TestListaEnlazadaCola", "TestListaEnlazadaCola\TestListaEnlazadaCola.csproj", "{24A8C37E-F9C0-4839-9037-CF69109F7984}"
EndProject
Global
	GlobalSection(SolutionConfigurationPlatforms) = preSolution
		Debug|Any CPU = Debug|Any CPU
		Release|Any CPU = Release|Any CPU
	EndGlobalSection
	GlobalSection(ProjectConfigurationPlatforms) = postSolution
		{5ABBE54D-CEAB-465E-B095-C62F329F59B4}.Debug|Any CPU.ActiveCfg = Debug|Any CPU
		{5ABBE54D-CEAB-465E-B095-C62F329F59B4}.Debug|Any CPU.Build.0 = Debug|Any CPU
		{5ABBE54D-CEAB-465E-B095-C62F329F59B4}.Release|Any CPU.ActiveCfg = Release|Any CPU
		{5ABBE54D-CEAB-465E-B095-C62F329F59B4}.Release|Any CPU.Build.0 = Release|Any CPU
		{DF03200B-D6C1-444E-8BDA-9524F828580D}.Debug|Any CPU.ActiveCfg = Debug|Any CPU
		{DF03200B-D6C1-444E-8BDA-9524F828580D}.Debug|Any CPU.Build.0 = Debug|Any CPU
		{DF03200B-D6C1-444E-8BDA-9524F828580D}.Release|Any CPU.ActiveCfg = Release|Any CPU
		{DF03200B-D6C1-444E-8BDA-9524F828580D}.Release|Any CPU.Build.0 = Release|Any CPU
		{1EF2CC08-EF08-4F35-AB54-966152465010}.Debug|Any CPU.ActiveCfg = Debug|Any CPU
		{1EF2CC08-EF08-4F35-AB54-966152465010}.Debug|Any CPU.Build.0 = Debug|Any CPU
		{1EF2CC08-EF08-4F35-AB54-966152465010}.Release|Any CPU.ActiveCfg = Release|Any CPU
		{1EF2CC08-EF08-4F35-AB54-966152465010}.Release|Any CPU.Build.0 = Release|Any CPU
		{DD601AA5-45DA-4952-92F2-9B407658CDE2}.Debug|Any CPU.ActiveCfg = Debug|Any CPU
		{DD601AA5-45DA-4952-92F2-9B407658CDE2}.Debug|Any CPU.Build.0 = Debug|Any CPU
		{DD601AA5-45DA-4952-92F2-9B407658CDE2}.Release|Any CPU.ActiveCfg = Release|Any CPU
		{DD601AA5-45DA-4952-92F2-9B407658CDE2}.Release|Any CPU.Build.0 = Release|Any CPU
		{0DD6C5AB-29A9-4C02-A71C-64BFFB755880}.Debug|Any CPU.ActiveCfg = Debug|Any CPU
		{0DD6C5AB-29A9-4C02-A71C-64BFFB755880}.Debug|Any CPU.Build.0 = Debug|Any CPU
		{0DD6C5AB-29A9-4C02-A71C-64BFFB755880}.Release|Any CPU.ActiveCfg = Release|Any CPU
		{0DD6C5AB-29A9-4C02-A71C-64BFFB755880}.Release|Any CPU.Build.0 = Release|Any CPU
		{4B330796-3EF6-4084-AFE3-A37DCA3DD1B0}.Debug|Any CPU.ActiveCfg = Debug|Any CPU
		{4B330796-3EF6-4084-AFE3-A37DCA3DD1B0}.Debug|Any CPU.Build.0 = Debug|Any CPU
		{4B330796-3EF6-4084-AFE3-A37DCA3DD1B0}.Release|Any CPU.ActiveCfg = Release|Any CPU
		{4B330796-3EF6-4084-AFE3-A37DCA3DD1B0}.Release|Any CPU.Build.0 = Release|Any CPU
		{704C333B-CB70-4557-AD12-F499B1622983}.Debug|Any CPU.ActiveCfg = Debug|Any CPU
		{704C333B-CB70-4557-AD12-F499B1622983}.Debug|Any CPU.Build.0 = Debug|Any CPU
		{704C333B-CB70-4557-AD12-F499B1622983}.Release|Any CPU.ActiveCfg = Release|Any CPU
		{704C333B-CB70-4557-AD12-F499B1622983}.Release|Any CPU.Build.0 = Release|Any CPU
		{24A8C37E-F9C0-4839-9037-CF69109F7984}.Debug|Any CPU.ActiveCfg = Debug|Any CPU
		{24A8C37E-F9C0-4839-9037-CF69109F7984}.Debug|Any CPU.Build.0 = Debug|Any CPU
		{24A8C37E-F9C0-4839-9037-CF69109F7984}.Release|Any CPU.ActiveCfg = Release|Any CPU
		{24A8C37E-F9C0-4839-9037-CF69109F7984}.Release|Any CPU.Build.0 = Release|Any CPU
	EndGlobalSection
	GlobalSection(SolutionProperties) = preSolution
		HideSolutionNode = FALSE
	EndGlobalSection
	GlobalSection(NestedProjects) = preSolution
		{5ABBE54D-CEAB-465E-B095-C62F329F59B4} = {2E051469-CF3F-4ED7-9E0C-91A4902DEACB}
		{DF03200B-D6C1-444E-8BDA-9524F828580D} = {2E051469-CF3F-4ED7-9E0C-91A4902DEACB}
		{1EF2CC08-EF08-4F35-AB54-966152465010} = {2E051469-CF3F-4ED7-9E0C-91A4902DEACB}
		{DD601AA5-45DA-4952-92F2-9B407658CDE2} = {2E051469-CF3F-4ED7-9E0C-91A4902DEACB}
		{0DD6C5AB-29A9-4C02-A71C-64BFFB755880} = {DD20F402-D80D-499B-80F7-76928FE72CF0}
		{4B330796-3EF6-4084-AFE3-A37DCA3DD1B0} = {DD20F402-D80D-499B-80F7-76928FE72CF0}
		{704C333B-CB70-4557-AD12-F499B1622983} = {DD20F402-D80D-499B-80F7-76928FE72CF0}
		{24A8C37E-F9C0-4839-9037-CF69109F7984} = {DD20F402-D80D-499B-80F7-76928FE72CF0}
	EndGlobalSection
	GlobalSection(ExtensibilityGlobals) = postSolution
		SolutionGuid = {288E2570-701A-4118-9362-ECAC0E3F9FDD}
	EndGlobalSection
EndGlobal
